// !$*UTF8*$!
{
	archiveVersion = 1;
	classes = {
	};
	objectVersion = 48;
	objects = {

/* Begin PBXBuildFile section */
		A429FBFD1FB182D200D28998 /* AppDelegate.m in Sources */ = {isa = PBXBuildFile; fileRef = A429FBFC1FB182D200D28998 /* AppDelegate.m */; };
		A429FC051FB182D200D28998 /* Assets.xcassets in Resources */ = {isa = PBXBuildFile; fileRef = A429FC041FB182D200D28998 /* Assets.xcassets */; };
		A429FC081FB182D200D28998 /* LaunchScreen.storyboard in Resources */ = {isa = PBXBuildFile; fileRef = A429FC061FB182D200D28998 /* LaunchScreen.storyboard */; };
		A429FC0B1FB182D200D28998 /* main.m in Sources */ = {isa = PBXBuildFile; fileRef = A429FC0A1FB182D200D28998 /* main.m */; };
		A429FC191FB1835D00D28998 /* ListController.m in Sources */ = {isa = PBXBuildFile; fileRef = A429FC181FB1835D00D28998 /* ListController.m */; };
		A429FC1D1FB1863900D28998 /* ListModel.m in Sources */ = {isa = PBXBuildFile; fileRef = A429FC1C1FB1863900D28998 /* ListModel.m */; };
/* End PBXBuildFile section */

/* Begin PBXFileReference section */
		A429FBF81FB182D200D28998 /* DragAndDropDemo.app */ = {isa = PBXFileReference; explicitFileType = wrapper.application; includeInIndex = 0; path = DragAndDropDemo.app; sourceTree = BUILT_PRODUCTS_DIR; };
		A429FBFB1FB182D200D28998 /* AppDelegate.h */ = {isa = PBXFileReference; lastKnownFileType = sourcecode.c.h; path = AppDelegate.h; sourceTree = "<group>"; };
		A429FBFC1FB182D200D28998 /* AppDelegate.m */ = {isa = PBXFileReference; lastKnownFileType = sourcecode.c.objc; path = AppDelegate.m; sourceTree = "<group>"; };
		A429FC041FB182D200D28998 /* Assets.xcassets */ = {isa = PBXFileReference; lastKnownFileType = folder.assetcatalog; path = Assets.xcassets; sourceTree = "<group>"; };
		A429FC071FB182D200D28998 /* Base */ = {isa = PBXFileReference; lastKnownFileType = file.storyboard; name = Base; path = Base.lproj/LaunchScreen.storyboard; sourceTree = "<group>"; };
		A429FC091FB182D200D28998 /* Info.plist */ = {isa = PBXFileReference; lastKnownFileType = text.plist.xml; path = Info.plist; sourceTree = "<group>"; };
		A429FC0A1FB182D200D28998 /* main.m */ = {isa = PBXFileReference; lastKnownFileType = sourcecode.c.objc; path = main.m; sourceTree = "<group>"; };
		A429FC171FB1835D00D28998 /* ListController.h */ = {isa = PBXFileReference; lastKnownFileType = sourcecode.c.h; path = ListController.h; sourceTree = "<group>"; };
		A429FC181FB1835D00D28998 /* ListController.m */ = {isa = PBXFileReference; lastKnownFileType = sourcecode.c.objc; path = ListController.m; sourceTree = "<group>"; };
		A429FC1B1FB1863900D28998 /* ListModel.h */ = {isa = PBXFileReference; lastKnownFileType = sourcecode.c.h; path = ListModel.h; sourceTree = "<group>"; };
		A429FC1C1FB1863900D28998 /* ListModel.m */ = {isa = PBXFileReference; lastKnownFileType = sourcecode.c.objc; path = ListModel.m; sourceTree = "<group>"; };
		A429FC1E1FB1868200D28998 /* DragAndDrop-PrefixHeader.pch */ = {isa = PBXFileReference; lastKnownFileType = sourcecode.c.h; path = "DragAndDrop-PrefixHeader.pch"; sourceTree = "<group>"; };
/* End PBXFileReference section */

/* Begin PBXFrameworksBuildPhase section */
		A429FBF51FB182D200D28998 /* Frameworks */ = {
			isa = PBXFrameworksBuildPhase;
			buildActionMask = 2147483647;
			files = (
			);
			runOnlyForDeploymentPostprocessing = 0;
		};
/* End PBXFrameworksBuildPhase section */

/* Begin PBXGroup section */
		A429FBEF1FB182D200D28998 = {
			isa = PBXGroup;
			children = (
				A429FBFA1FB182D200D28998 /* DragAndDropDemo */,
				A429FBF91FB182D200D28998 /* Products */,
			);
			sourceTree = "<group>";
		};
		A429FBF91FB182D200D28998 /* Products */ = {
			isa = PBXGroup;
			children = (
				A429FBF81FB182D200D28998 /* DragAndDropDemo.app */,
			);
			name = Products;
			sourceTree = "<group>";
		};
		A429FBFA1FB182D200D28998 /* DragAndDropDemo */ = {
			isa = PBXGroup;
			children = (
				A429FC111FB182E600D28998 /* AppDelegate */,
				A429FC121FB182F100D28998 /* List */,
				A429FC161FB1832000D28998 /* Resource */,
			);
			path = DragAndDropDemo;
			sourceTree = "<group>";
		};
		A429FC111FB182E600D28998 /* AppDelegate */ = {
			isa = PBXGroup;
			children = (
				A429FBFB1FB182D200D28998 /* AppDelegate.h */,
				A429FBFC1FB182D200D28998 /* AppDelegate.m */,
			);
			path = AppDelegate;
			sourceTree = "<group>";
		};
		A429FC121FB182F100D28998 /* List */ = {
			isa = PBXGroup;
			children = (
				A429FC131FB1830200D28998 /* Controller */,
				A429FC1A1FB1862C00D28998 /* Model */,
				A429FC141FB1830700D28998 /* Views */,
			);
			path = List;
			sourceTree = "<group>";
		};
		A429FC131FB1830200D28998 /* Controller */ = {
			isa = PBXGroup;
			children = (
				A429FC171FB1835D00D28998 /* ListController.h */,
				A429FC181FB1835D00D28998 /* ListController.m */,
			);
			path = Controller;
			sourceTree = "<group>";
		};
		A429FC141FB1830700D28998 /* Views */ = {
			isa = PBXGroup;
			children = (
			);
			path = Views;
			sourceTree = "<group>";
		};
		A429FC161FB1832000D28998 /* Resource */ = {
			isa = PBXGroup;
			children = (
				A429FC041FB182D200D28998 /* Assets.xcassets */,
				A429FC061FB182D200D28998 /* LaunchScreen.storyboard */,
				A429FC091FB182D200D28998 /* Info.plist */,
				A429FC0A1FB182D200D28998 /* main.m */,
				A429FC1E1FB1868200D28998 /* DragAndDrop-PrefixHeader.pch */,
			);
			path = Resource;
			sourceTree = "<group>";
		};
		A429FC1A1FB1862C00D28998 /* Model */ = {
			isa = PBXGroup;
			children = (
				A429FC1B1FB1863900D28998 /* ListModel.h */,
				A429FC1C1FB1863900D28998 /* ListModel.m */,
			);
			path = Model;
			sourceTree = "<group>";
		};
/* End PBXGroup section */

/* Begin PBXNativeTarget section */
		A429FBF71FB182D200D28998 /* DragAndDropDemo */ = {
			isa = PBXNativeTarget;
			buildConfigurationList = A429FC0E1FB182D200D28998 /* Build configuration list for PBXNativeTarget "DragAndDropDemo" */;
			buildPhases = (
				A429FBF41FB182D200D28998 /* Sources */,
				A429FBF51FB182D200D28998 /* Frameworks */,
				A429FBF61FB182D200D28998 /* Resources */,
			);
			buildRules = (
			);
			dependencies = (
			);
			name = DragAndDropDemo;
			productName = DragAndDropDemo;
			productReference = A429FBF81FB182D200D28998 /* DragAndDropDemo.app */;
			productType = "com.apple.product-type.application";
		};
/* End PBXNativeTarget section */

/* Begin PBXProject section */
		A429FBF01FB182D200D28998 /* Project object */ = {
			isa = PBXProject;
			attributes = {
				LastUpgradeCheck = 0900;
				ORGANIZATIONNAME = "Cain Luo";
				TargetAttributes = {
					A429FBF71FB182D200D28998 = {
						CreatedOnToolsVersion = 9.0.1;
						ProvisioningStyle = Automatic;
					};
				};
			};
			buildConfigurationList = A429FBF31FB182D200D28998 /* Build configuration list for PBXProject "DragAndDropDemo" */;
			compatibilityVersion = "Xcode 8.0";
			developmentRegion = en;
			hasScannedForEncodings = 0;
			knownRegions = (
				en,
				Base,
			);
			mainGroup = A429FBEF1FB182D200D28998;
			productRefGroup = A429FBF91FB182D200D28998 /* Products */;
			projectDirPath = "";
			projectRoot = "";
			targets = (
				A429FBF71FB182D200D28998 /* DragAndDropDemo */,
			);
		};
/* End PBXProject section */

/* Begin PBXResourcesBuildPhase section */
		A429FBF61FB182D200D28998 /* Resources */ = {
			isa = PBXResourcesBuildPhase;
			buildActionMask = 2147483647;
			files = (
				A429FC081FB182D200D28998 /* LaunchScreen.storyboard in Resources */,
				A429FC051FB182D200D28998 /* Assets.xcassets in Resources */,
			);
			runOnlyForDeploymentPostprocessing = 0;
		};
/* End PBXResourcesBuildPhase section */

/* Begin PBXSourcesBuildPhase section */
		A429FBF41FB182D200D28998 /* Sources */ = {
			isa = PBXSourcesBuildPhase;
			buildActionMask = 2147483647;
			files = (
				A429FC191FB1835D00D28998 /* ListController.m in Sources */,
				A429FC0B1FB182D200D28998 /* main.m in Sources */,
				A429FBFD1FB182D200D28998 /* AppDelegate.m in Sources */,
				A429FC1D1FB1863900D28998 /* ListModel.m in Sources */,
			);
			runOnlyForDeploymentPostprocessing = 0;
		};
/* End PBXSourcesBuildPhase section */

/* Begin PBXVariantGroup section */
		A429FC061FB182D200D28998 /* LaunchScreen.storyboard */ = {
			isa = PBXVariantGroup;
			children = (
				A429FC071FB182D200D28998 /* Base */,
			);
			name = LaunchScreen.storyboard;
			sourceTree = "<group>";
		};
/* End PBXVariantGroup section */

/* Begin XCBuildConfiguration section */
		A429FC0C1FB182D200D28998 /* Debug */ = {
			isa = XCBuildConfiguration;
			buildSettings = {
				ALWAYS_SEARCH_USER_PATHS = NO;
				CLANG_ANALYZER_NONNULL = YES;
				CLANG_ANALYZER_NUMBER_OBJECT_CONVERSION = YES_AGGRESSIVE;
				CLANG_CXX_LANGUAGE_STANDARD = "gnu++14";
				CLANG_CXX_LIBRARY = "libc++";
				CLANG_ENABLE_MODULES = YES;
				CLANG_ENABLE_OBJC_ARC = YES;
				CLANG_WARN_BLOCK_CAPTURE_AUTORELEASING = YES;
				CLANG_WARN_BOOL_CONVERSION = YES;
				CLANG_WARN_COMMA = YES;
				CLANG_WARN_CONSTANT_CONVERSION = YES;
				CLANG_WARN_DIRECT_OBJC_ISA_USAGE = YES_ERROR;
				CLANG_WARN_DOCUMENTATION_COMMENTS = YES;
				CLANG_WARN_EMPTY_BODY = YES;
				CLANG_WARN_ENUM_CONVERSION = YES;
				CLANG_WARN_INFINITE_RECURSION = YES;
				CLANG_WARN_INT_CONVERSION = YES;
				CLANG_WARN_NON_LITERAL_NULL_CONVERSION = YES;
				CLANG_WARN_OBJC_LITERAL_CONVERSION = YES;
				CLANG_WARN_OBJC_ROOT_CLASS = YES_ERROR;
				CLANG_WARN_RANGE_LOOP_ANALYSIS = YES;
				CLANG_WARN_STRICT_PROTOTYPES = YES;
				CLANG_WARN_SUSPICIOUS_MOVE = YES;
				CLANG_WARN_UNGUARDED_AVAILABILITY = YES_AGGRESSIVE;
				CLANG_WARN_UNREACHABLE_CODE = YES;
				CLANG_WARN__DUPLICATE_METHOD_MATCH = YES;
				CODE_SIGN_IDENTITY = "iPhone Developer";
				COPY_PHASE_STRIP = NO;
				DEBUG_INFORMATION_FORMAT = dwarf;
				ENABLE_STRICT_OBJC_MSGSEND = YES;
				ENABLE_TESTABILITY = YES;
				GCC_C_LANGUAGE_STANDARD = gnu11;
				GCC_DYNAMIC_NO_PIC = NO;
				GCC_NO_COMMON_BLOCKS = YES;
				GCC_OPTIMIZATION_LEVEL = 0;
				GCC_PREPROCESSOR_DEFINITIONS = (
					"DEBUG=1",
					"$(inherited)",
				);
				GCC_WARN_64_TO_32_BIT_CONVERSION = YES;
				GCC_WARN_ABOUT_RETURN_TYPE = YES_ERROR;
				GCC_WARN_UNDECLARED_SELECTOR = YES;
				GCC_WARN_UNINITIALIZED_AUTOS = YES_AGGRESSIVE;
				GCC_WARN_UNUSED_FUNCTION = YES;
				GCC_WARN_UNUSED_VARIABLE = YES;
				IPHONEOS_DEPLOYMENT_TARGET = 11.0;
				MTL_ENABLE_DEBUG_INFO = YES;
				ONLY_ACTIVE_ARCH = YES;
				SDKROOT = iphoneos;
			};
			name = Debug;
		};
		A429FC0D1FB182D200D28998 /* Release */ = {
			isa = XCBuildConfiguration;
			buildSettings = {
				ALWAYS_SEARCH_USER_PATHS = NO;
				CLANG_ANALYZER_NONNULL = YES;
				CLANG_ANALYZER_NUMBER_OBJECT_CONVERSION = YES_AGGRESSIVE;
				CLANG_CXX_LANGUAGE_STANDARD = "gnu++14";
				CLANG_CXX_LIBRARY = "libc++";
				CLANG_ENABLE_MODULES = YES;
				CLANG_ENABLE_OBJC_ARC = YES;
				CLANG_WARN_BLOCK_CAPTURE_AUTORELEASING = YES;
				CLANG_WARN_BOOL_CONVERSION = YES;
				CLANG_WARN_COMMA = YES;
				CLANG_WARN_CONSTANT_CONVERSION = YES;
				CLANG_WARN_DIRECT_OBJC_ISA_USAGE = YES_ERROR;
				CLANG_WARN_DOCUMENTATION_COMMENTS = YES;
				CLANG_WARN_EMPTY_BODY = YES;
				CLANG_WARN_ENUM_CONVERSION = YES;
				CLANG_WARN_INFINITE_RECURSION = YES;
				CLANG_WARN_INT_CONVERSION = YES;
				CLANG_WARN_NON_LITERAL_NULL_CONVERSION = YES;
				CLANG_WARN_OBJC_LITERAL_CONVERSION = YES;
				CLANG_WARN_OBJC_ROOT_CLASS = YES_ERROR;
				CLANG_WARN_RANGE_LOOP_ANALYSIS = YES;
				CLANG_WARN_STRICT_PROTOTYPES = YES;
				CLANG_WARN_SUSPICIOUS_MOVE = YES;
				CLANG_WARN_UNGUARDED_AVAILABILITY = YES_AGGRESSIVE;
				CLANG_WARN_UNREACHABLE_CODE = YES;
				CLANG_WARN__DUPLICATE_METHOD_MATCH = YES;
				CODE_SIGN_IDENTITY = "iPhone Developer";
				COPY_PHASE_STRIP = NO;
				DEBUG_INFORMATION_FORMAT = "dwarf-with-dsym";
				ENABLE_NS_ASSERTIONS = NO;
				ENABLE_STRICT_OBJC_MSGSEND = YES;
				GCC_C_LANGUAGE_STANDARD = gnu11;
				GCC_NO_COMMON_BLOCKS = YES;
				GCC_WARN_64_TO_32_BIT_CONVERSION = YES;
				GCC_WARN_ABOUT_RETURN_TYPE = YES_ERROR;
				GCC_WARN_UNDECLARED_SELECTOR = YES;
				GCC_WARN_UNINITIALIZED_AUTOS = YES_AGGRESSIVE;
				GCC_WARN_UNUSED_FUNCTION = YES;
				GCC_WARN_UNUSED_VARIABLE = YES;
				IPHONEOS_DEPLOYMENT_TARGET = 11.0;
				MTL_ENABLE_DEBUG_INFO = NO;
				SDKROOT = iphoneos;
				VALIDATE_PRODUCT = YES;
			};
			name = Release;
		};
		A429FC0F1FB182D200D28998 /* Debug */ = {
			isa = XCBuildConfiguration;
			buildSettings = {
				ASSETCATALOG_COMPILER_APPICON_NAME = AppIcon;
				CODE_SIGN_STYLE = Automatic;
				GCC_PREFIX_HEADER = "$(SRCROOT)/DragAndDropDemo/Resource/DragAndDrop-PrefixHeader.pch";
				INFOPLIST_FILE = "$(SRCROOT)/DragAndDropDemo/Resource/Info.plist";
				LD_RUNPATH_SEARCH_PATHS = "$(inherited) @executable_path/Frameworks";
				PRODUCT_BUNDLE_IDENTIFIER = com.DragAndDropDemo;
				PRODUCT_NAME = "$(TARGET_NAME)";
				TARGETED_DEVICE_FAMILY = "1,2";
			};
			name = Debug;
		};
		A429FC101FB182D200D28998 /* Release */ = {
			isa = XCBuildConfiguration;
			buildSettings = {
				ASSETCATALOG_COMPILER_APPICON_NAME = AppIcon;
				CODE_SIGN_STYLE = Automatic;
				GCC_PREFIX_HEADER = "$(SRCROOT)/DragAndDropDemo/Resource/DragAndDrop-PrefixHeader.pch";
				INFOPLIST_FILE = "$(SRCROOT)/DragAndDropDemo/Resource/Info.plist";
				LD_RUNPATH_SEARCH_PATHS = "$(inherited) @executable_path/Frameworks";
				PRODUCT_BUNDLE_IDENTIFIER = com.DragAndDropDemo;
				PRODUCT_NAME = "$(TARGET_NAME)";
				TARGETED_DEVICE_FAMILY = "1,2";
			};
			name = Release;
		};
/* End XCBuildConfiguration section */

/* Begin XCConfigurationList section */
		A429FBF31FB182D200D28998 /* Build configuration list for PBXProject "DragAndDropDemo" */ = {
			isa = XCConfigurationList;
			buildConfigurations = (
				A429FC0C1FB182D200D28998 /* Debug */,
				A429FC0D1FB182D200D28998 /* Release */,
			);
			defaultConfigurationIsVisible = 0;
			defaultConfigurationName = Release;
		};
		A429FC0E1FB182D200D28998 /* Build configuration list for PBXNativeTarget "DragAndDropDemo" */ = {
			isa = XCConfigurationList;
			buildConfigurations = (
				A429FC0F1FB182D200D28998 /* Debug */,
				A429FC101FB182D200D28998 /* Release */,
			);
			defaultConfigurationIsVisible = 0;
			defaultConfigurationName = Release;
		};
/* End XCConfigurationList section */
	};
	rootObject = A429FBF01FB182D200D28998 /* Project object */;
}
